
Microsoft Visual Studio Solution File, Format Version 12.00
# Visual Studio Version 17
VisualStudioVersion = 17.9.34607.119
MinimumVisualStudioVersion = 10.0.40219.1
Project("{FAE04EC0-301F-11D3-BF4B-00C04F79EFBC}") = "4.1_ReflectionLib_lab", "4.1_ReflectionLib_lab.csproj", "{0C5B2D30-7494-431F-B304-1396D198E110}"
EndProject
Project("{FAE04EC0-301F-11D3-BF4B-00C04F79EFBC}") = "4.1_Reflection_lab", "..\4.1_Reflection_lab\4.1_Reflection_lab.csproj", "{486F417E-96B7-48F0-8BBE-5D3AF4405C1D}"
EndProject
Global
	GlobalSection(SolutionConfigurationPlatforms) = preSolution
		Debug|Any CPU = Debug|Any CPU
		Release|Any CPU = Release|Any CPU
	EndGlobalSection
	GlobalSection(ProjectConfigurationPlatforms) = postSolution
		{0C5B2D30-7494-431F-B304-1396D198E110}.Debug|Any CPU.ActiveCfg = Debug|Any CPU
		{0C5B2D30-7494-431F-B304-1396D198E110}.Debug|Any CPU.Build.0 = Debug|Any CPU
		{0C5B2D30-7494-431F-B304-1396D198E110}.Release|Any CPU.ActiveCfg = Release|Any CPU
		{0C5B2D30-7494-431F-B304-1396D198E110}.Release|Any CPU.Build.0 = Release|Any CPU
		{486F417E-96B7-48F0-8BBE-5D3AF4405C1D}.Debug|Any CPU.ActiveCfg = Debug|Any CPU
		{486F417E-96B7-48F0-8BBE-5D3AF4405C1D}.Debug|Any CPU.Build.0 = Debug|Any CPU
		{486F417E-96B7-48F0-8BBE-5D3AF4405C1D}.Release|Any CPU.ActiveCfg = Release|Any CPU
		{486F417E-96B7-48F0-8BBE-5D3AF4405C1D}.Release|Any CPU.Build.0 = Release|Any CPU
	EndGlobalSection
	GlobalSection(SolutionProperties) = preSolution
		HideSolutionNode = FALSE
	EndGlobalSection
	GlobalSection(ExtensibilityGlobals) = postSolution
		SolutionGuid = {FA0F021F-D02C-4C15-BFC0-9482E8C979A5}
	EndGlobalSection
EndGlobal
